// !$*UTF8*$!
{
	archiveVersion = 1;
	classes = {
	};
	objectVersion = 50;
	objects = {

/* Begin PBXBuildFile section */
		D213D741279DE23F00B15D85 /* MealDetailViewController.swift in Sources */ = {isa = PBXBuildFile; fileRef = D213D740279DE23F00B15D85 /* MealDetailViewController.swift */; };
		D213D74C279E356100B15D85 /* MealItem.swift in Sources */ = {isa = PBXBuildFile; fileRef = D213D74B279E356100B15D85 /* MealItem.swift */; };
		D27C59532799CC5400A322C0 /* AppDelegate.swift in Sources */ = {isa = PBXBuildFile; fileRef = D27C59522799CC5400A322C0 /* AppDelegate.swift */; };
		D27C59552799CC5400A322C0 /* SceneDelegate.swift in Sources */ = {isa = PBXBuildFile; fileRef = D27C59542799CC5400A322C0 /* SceneDelegate.swift */; };
		D27C59572799CC5400A322C0 /* ViewController.swift in Sources */ = {isa = PBXBuildFile; fileRef = D27C59562799CC5400A322C0 /* ViewController.swift */; };
		D27C595A2799CC5400A322C0 /* Main.storyboard in Resources */ = {isa = PBXBuildFile; fileRef = D27C59582799CC5400A322C0 /* Main.storyboard */; };
		D27C595C2799CC5600A322C0 /* Assets.xcassets in Resources */ = {isa = PBXBuildFile; fileRef = D27C595B2799CC5600A322C0 /* Assets.xcassets */; };
		D27C595F2799CC5600A322C0 /* LaunchScreen.storyboard in Resources */ = {isa = PBXBuildFile; fileRef = D27C595D2799CC5600A322C0 /* LaunchScreen.storyboard */; };
		D27C596A2799CC5600A322C0 /* Fetch_Rewards_TestTests.swift in Sources */ = {isa = PBXBuildFile; fileRef = D27C59692799CC5600A322C0 /* Fetch_Rewards_TestTests.swift */; };
		D27C59792799D01600A322C0 /* ViewModel.swift in Sources */ = {isa = PBXBuildFile; fileRef = D27C59782799D01600A322C0 /* ViewModel.swift */; };
		D27C597D2799D07000A322C0 /* CategoryCell.swift in Sources */ = {isa = PBXBuildFile; fileRef = D27C597C2799D07000A322C0 /* CategoryCell.swift */; };
		D27C597F2799FF5D00A322C0 /* Extensions.swift in Sources */ = {isa = PBXBuildFile; fileRef = D27C597E2799FF5D00A322C0 /* Extensions.swift */; };
		D27C5981279A11FB00A322C0 /* Category.swift in Sources */ = {isa = PBXBuildFile; fileRef = D27C5980279A11FB00A322C0 /* Category.swift */; };
		D27C5983279A120700A322C0 /* Meal.swift in Sources */ = {isa = PBXBuildFile; fileRef = D27C5982279A120700A322C0 /* Meal.swift */; };
		D284DD5127A4AB2000A3C670 /* APIClient.swift in Sources */ = {isa = PBXBuildFile; fileRef = D284DD5027A4AB2000A3C670 /* APIClient.swift */; };
		D2D0E79B279B47F8001FED98 /* CategoryDataSource.swift in Sources */ = {isa = PBXBuildFile; fileRef = D2D0E79A279B47F8001FED98 /* CategoryDataSource.swift */; };
		D2D0E79D279C5AE7001FED98 /* MealViewModel.swift in Sources */ = {isa = PBXBuildFile; fileRef = D2D0E79C279C5AE7001FED98 /* MealViewModel.swift */; };
		D2D0E79F279C5AF4001FED98 /* MealDataSource.swift in Sources */ = {isa = PBXBuildFile; fileRef = D2D0E79E279C5AF4001FED98 /* MealDataSource.swift */; };
		D2D0E7A1279C5B01001FED98 /* MealCell.swift in Sources */ = {isa = PBXBuildFile; fileRef = D2D0E7A0279C5B01001FED98 /* MealCell.swift */; };
		D2D0E7A3279C6367001FED98 /* MealListController.swift in Sources */ = {isa = PBXBuildFile; fileRef = D2D0E7A2279C6367001FED98 /* MealListController.swift */; };
/* End PBXBuildFile section */

/* Begin PBXContainerItemProxy section */
		D27C59662799CC5600A322C0 /* PBXContainerItemProxy */ = {
			isa = PBXContainerItemProxy;
			containerPortal = D27C59472799CC5300A322C0 /* Project object */;
			proxyType = 1;
			remoteGlobalIDString = D27C594E2799CC5300A322C0;
			remoteInfo = Fetch_Rewards_Test;
		};
/* End PBXContainerItemProxy section */

/* Begin PBXFileReference section */
		D213D740279DE23F00B15D85 /* MealDetailViewController.swift */ = {isa = PBXFileReference; lastKnownFileType = sourcecode.swift; path = MealDetailViewController.swift; sourceTree = "<group>"; };
		D213D74B279E356100B15D85 /* MealItem.swift */ = {isa = PBXFileReference; lastKnownFileType = sourcecode.swift; path = MealItem.swift; sourceTree = "<group>"; };
		D27C594F2799CC5300A322C0 /* Fetch_Rewards_Test.app */ = {isa = PBXFileReference; explicitFileType = wrapper.application; includeInIndex = 0; path = Fetch_Rewards_Test.app; sourceTree = BUILT_PRODUCTS_DIR; };
		D27C59522799CC5400A322C0 /* AppDelegate.swift */ = {isa = PBXFileReference; lastKnownFileType = sourcecode.swift; path = AppDelegate.swift; sourceTree = "<group>"; };
		D27C59542799CC5400A322C0 /* SceneDelegate.swift */ = {isa = PBXFileReference; lastKnownFileType = sourcecode.swift; path = SceneDelegate.swift; sourceTree = "<group>"; };
		D27C59562799CC5400A322C0 /* ViewController.swift */ = {isa = PBXFileReference; lastKnownFileType = sourcecode.swift; path = ViewController.swift; sourceTree = "<group>"; };
		D27C59592799CC5400A322C0 /* Base */ = {isa = PBXFileReference; lastKnownFileType = file.storyboard; name = Base; path = Base.lproj/Main.storyboard; sourceTree = "<group>"; };
		D27C595B2799CC5600A322C0 /* Assets.xcassets */ = {isa = PBXFileReference; lastKnownFileType = folder.assetcatalog; path = Assets.xcassets; sourceTree = "<group>"; };
		D27C595E2799CC5600A322C0 /* Base */ = {isa = PBXFileReference; lastKnownFileType = file.storyboard; name = Base; path = Base.lproj/LaunchScreen.storyboard; sourceTree = "<group>"; };
		D27C59602799CC5600A322C0 /* Info.plist */ = {isa = PBXFileReference; lastKnownFileType = text.plist.xml; path = Info.plist; sourceTree = "<group>"; };
		D27C59652799CC5600A322C0 /* Fetch_Rewards_TestTests.xctest */ = {isa = PBXFileReference; explicitFileType = wrapper.cfbundle; includeInIndex = 0; path = Fetch_Rewards_TestTests.xctest; sourceTree = BUILT_PRODUCTS_DIR; };
		D27C59692799CC5600A322C0 /* Fetch_Rewards_TestTests.swift */ = {isa = PBXFileReference; lastKnownFileType = sourcecode.swift; path = Fetch_Rewards_TestTests.swift; sourceTree = "<group>"; };
		D27C596B2799CC5600A322C0 /* Info.plist */ = {isa = PBXFileReference; lastKnownFileType = text.plist.xml; path = Info.plist; sourceTree = "<group>"; };
		D27C59782799D01600A322C0 /* ViewModel.swift */ = {isa = PBXFileReference; lastKnownFileType = sourcecode.swift; path = ViewModel.swift; sourceTree = "<group>"; };
		D27C597C2799D07000A322C0 /* CategoryCell.swift */ = {isa = PBXFileReference; lastKnownFileType = sourcecode.swift; path = CategoryCell.swift; sourceTree = "<group>"; };
		D27C597E2799FF5D00A322C0 /* Extensions.swift */ = {isa = PBXFileReference; lastKnownFileType = sourcecode.swift; path = Extensions.swift; sourceTree = "<group>"; };
		D27C5980279A11FB00A322C0 /* Category.swift */ = {isa = PBXFileReference; lastKnownFileType = sourcecode.swift; path = Category.swift; sourceTree = "<group>"; };
		D27C5982279A120700A322C0 /* Meal.swift */ = {isa = PBXFileReference; lastKnownFileType = sourcecode.swift; path = Meal.swift; sourceTree = "<group>"; };
		D284DD5027A4AB2000A3C670 /* APIClient.swift */ = {isa = PBXFileReference; lastKnownFileType = sourcecode.swift; path = APIClient.swift; sourceTree = "<group>"; };
		D2D0E79A279B47F8001FED98 /* CategoryDataSource.swift */ = {isa = PBXFileReference; lastKnownFileType = sourcecode.swift; path = CategoryDataSource.swift; sourceTree = "<group>"; };
		D2D0E79C279C5AE7001FED98 /* MealViewModel.swift */ = {isa = PBXFileReference; lastKnownFileType = sourcecode.swift; path = MealViewModel.swift; sourceTree = "<group>"; };
		D2D0E79E279C5AF4001FED98 /* MealDataSource.swift */ = {isa = PBXFileReference; lastKnownFileType = sourcecode.swift; path = MealDataSource.swift; sourceTree = "<group>"; };
		D2D0E7A0279C5B01001FED98 /* MealCell.swift */ = {isa = PBXFileReference; lastKnownFileType = sourcecode.swift; path = MealCell.swift; sourceTree = "<group>"; };
		D2D0E7A2279C6367001FED98 /* MealListController.swift */ = {isa = PBXFileReference; lastKnownFileType = sourcecode.swift; path = MealListController.swift; sourceTree = "<group>"; };
/* End PBXFileReference section */

/* Begin PBXFrameworksBuildPhase section */
		D27C594C2799CC5300A322C0 /* Frameworks */ = {
			isa = PBXFrameworksBuildPhase;
			buildActionMask = 2147483647;
			files = (
			);
			runOnlyForDeploymentPostprocessing = 0;
		};
		D27C59622799CC5600A322C0 /* Frameworks */ = {
			isa = PBXFrameworksBuildPhase;
			buildActionMask = 2147483647;
			files = (
			);
			runOnlyForDeploymentPostprocessing = 0;
		};
/* End PBXFrameworksBuildPhase section */

/* Begin PBXGroup section */
		D27C59462799CC5300A322C0 = {
			isa = PBXGroup;
			children = (
				D27C59512799CC5300A322C0 /* Fetch_Rewards_Test */,
				D27C59682799CC5600A322C0 /* Fetch_Rewards_TestTests */,
				D27C59502799CC5300A322C0 /* Products */,
			);
			sourceTree = "<group>";
		};
		D27C59502799CC5300A322C0 /* Products */ = {
			isa = PBXGroup;
			children = (
				D27C594F2799CC5300A322C0 /* Fetch_Rewards_Test.app */,
				D27C59652799CC5600A322C0 /* Fetch_Rewards_TestTests.xctest */,
			);
			name = Products;
			sourceTree = "<group>";
		};
		D27C59512799CC5300A322C0 /* Fetch_Rewards_Test */ = {
			isa = PBXGroup;
			children = (
				D27C597E2799FF5D00A322C0 /* Extensions.swift */,
				D27C59562799CC5400A322C0 /* ViewController.swift */,
				D2D0E7A2279C6367001FED98 /* MealListController.swift */,
				D213D740279DE23F00B15D85 /* MealDetailViewController.swift */,
				D27C59752799CFD400A322C0 /* MVVM */,
				D27C59522799CC5400A322C0 /* AppDelegate.swift */,
				D27C59542799CC5400A322C0 /* SceneDelegate.swift */,
				D27C59582799CC5400A322C0 /* Main.storyboard */,
				D27C595B2799CC5600A322C0 /* Assets.xcassets */,
				D27C595D2799CC5600A322C0 /* LaunchScreen.storyboard */,
				D27C59602799CC5600A322C0 /* Info.plist */,
				D284DD5027A4AB2000A3C670 /* APIClient.swift */,
			);
			path = Fetch_Rewards_Test;
			sourceTree = "<group>";
		};
		D27C59682799CC5600A322C0 /* Fetch_Rewards_TestTests */ = {
			isa = PBXGroup;
			children = (
				D27C59692799CC5600A322C0 /* Fetch_Rewards_TestTests.swift */,
				D27C596B2799CC5600A322C0 /* Info.plist */,
			);
			path = Fetch_Rewards_TestTests;
			sourceTree = "<group>";
		};
		D27C59742799CFC600A322C0 /* Models */ = {
			isa = PBXGroup;
			children = (
				D27C5980279A11FB00A322C0 /* Category.swift */,
				D27C5982279A120700A322C0 /* Meal.swift */,
				D213D74B279E356100B15D85 /* MealItem.swift */,
			);
			path = Models;
			sourceTree = "<group>";
		};
		D27C59752799CFD400A322C0 /* MVVM */ = {
			isa = PBXGroup;
			children = (
				D27C59742799CFC600A322C0 /* Models */,
				D27C5985279A152600A322C0 /* Meals */,
				D27C5984279A151200A322C0 /* Categories */,
			);
			path = MVVM;
			sourceTree = "<group>";
		};
		D27C5984279A151200A322C0 /* Categories */ = {
			isa = PBXGroup;
			children = (
				D27C59782799D01600A322C0 /* ViewModel.swift */,
				D27C597C2799D07000A322C0 /* CategoryCell.swift */,
				D2D0E79A279B47F8001FED98 /* CategoryDataSource.swift */,
			);
			path = Categories;
			sourceTree = "<group>";
		};
		D27C5985279A152600A322C0 /* Meals */ = {
			isa = PBXGroup;
			children = (
				D2D0E79C279C5AE7001FED98 /* MealViewModel.swift */,
				D2D0E79E279C5AF4001FED98 /* MealDataSource.swift */,
				D2D0E7A0279C5B01001FED98 /* MealCell.swift */,
			);
			path = Meals;
			sourceTree = "<group>";
		};
/* End PBXGroup section */

/* Begin PBXNativeTarget section */
		D27C594E2799CC5300A322C0 /* Fetch_Rewards_Test */ = {
			isa = PBXNativeTarget;
			buildConfigurationList = D27C596E2799CC5600A322C0 /* Build configuration list for PBXNativeTarget "Fetch_Rewards_Test" */;
			buildPhases = (
				D27C594B2799CC5300A322C0 /* Sources */,
				D27C594C2799CC5300A322C0 /* Frameworks */,
				D27C594D2799CC5300A322C0 /* Resources */,
			);
			buildRules = (
			);
			dependencies = (
			);
			name = Fetch_Rewards_Test;
			productName = Fetch_Rewards_Test;
			productReference = D27C594F2799CC5300A322C0 /* Fetch_Rewards_Test.app */;
			productType = "com.apple.product-type.application";
		};
		D27C59642799CC5600A322C0 /* Fetch_Rewards_TestTests */ = {
			isa = PBXNativeTarget;
			buildConfigurationList = D27C59712799CC5600A322C0 /* Build configuration list for PBXNativeTarget "Fetch_Rewards_TestTests" */;
			buildPhases = (
				D27C59612799CC5600A322C0 /* Sources */,
				D27C59622799CC5600A322C0 /* Frameworks */,
				D27C59632799CC5600A322C0 /* Resources */,
			);
			buildRules = (
			);
			dependencies = (
				D27C59672799CC5600A322C0 /* PBXTargetDependency */,
			);
			name = Fetch_Rewards_TestTests;
			productName = Fetch_Rewards_TestTests;
			productReference = D27C59652799CC5600A322C0 /* Fetch_Rewards_TestTests.xctest */;
			productType = "com.apple.product-type.bundle.unit-test";
		};
/* End PBXNativeTarget section */

/* Begin PBXProject section */
		D27C59472799CC5300A322C0 /* Project object */ = {
			isa = PBXProject;
			attributes = {
				LastSwiftUpdateCheck = 1150;
				LastUpgradeCheck = 1150;
				ORGANIZATIONNAME = "Blastoise's Deluge, LLC";
				TargetAttributes = {
					D27C594E2799CC5300A322C0 = {
						CreatedOnToolsVersion = 11.5;
					};
					D27C59642799CC5600A322C0 = {
						CreatedOnToolsVersion = 11.5;
						TestTargetID = D27C594E2799CC5300A322C0;
					};
				};
			};
			buildConfigurationList = D27C594A2799CC5300A322C0 /* Build configuration list for PBXProject "Fetch_Rewards_Test" */;
			compatibilityVersion = "Xcode 9.3";
			developmentRegion = en;
			hasScannedForEncodings = 0;
			knownRegions = (
				en,
				Base,
			);
			mainGroup = D27C59462799CC5300A322C0;
			productRefGroup = D27C59502799CC5300A322C0 /* Products */;
			projectDirPath = "";
			projectRoot = "";
			targets = (
				D27C594E2799CC5300A322C0 /* Fetch_Rewards_Test */,
				D27C59642799CC5600A322C0 /* Fetch_Rewards_TestTests */,
			);
		};
/* End PBXProject section */

/* Begin PBXResourcesBuildPhase section */
		D27C594D2799CC5300A322C0 /* Resources */ = {
			isa = PBXResourcesBuildPhase;
			buildActionMask = 2147483647;
			files = (
				D27C595F2799CC5600A322C0 /* LaunchScreen.storyboard in Resources */,
				D27C595C2799CC5600A322C0 /* Assets.xcassets in Resources */,
				D27C595A2799CC5400A322C0 /* Main.storyboard in Resources */,
			);
			runOnlyForDeploymentPostprocessing = 0;
		};
		D27C59632799CC5600A322C0 /* Resources */ = {
			isa = PBXResourcesBuildPhase;
			buildActionMask = 2147483647;
			files = (
			);
			runOnlyForDeploymentPostprocessing = 0;
		};
/* End PBXResourcesBuildPhase section */

/* Begin PBXSourcesBuildPhase section */
		D27C594B2799CC5300A322C0 /* Sources */ = {
			isa = PBXSourcesBuildPhase;
			buildActionMask = 2147483647;
			files = (
				D27C5983279A120700A322C0 /* Meal.swift in Sources */,
				D27C5981279A11FB00A322C0 /* Category.swift in Sources */,
				D2D0E79D279C5AE7001FED98 /* MealViewModel.swift in Sources */,
				D284DD5127A4AB2000A3C670 /* APIClient.swift in Sources */,
				D2D0E7A1279C5B01001FED98 /* MealCell.swift in Sources */,
				D213D74C279E356100B15D85 /* MealItem.swift in Sources */,
				D27C59792799D01600A322C0 /* ViewModel.swift in Sources */,
				D27C59572799CC5400A322C0 /* ViewController.swift in Sources */,
				D2D0E79F279C5AF4001FED98 /* MealDataSource.swift in Sources */,
				D2D0E7A3279C6367001FED98 /* MealListController.swift in Sources */,
				D27C597F2799FF5D00A322C0 /* Extensions.swift in Sources */,
				D27C59532799CC5400A322C0 /* AppDelegate.swift in Sources */,
				D213D741279DE23F00B15D85 /* MealDetailViewController.swift in Sources */,
				D27C59552799CC5400A322C0 /* SceneDelegate.swift in Sources */,
				D2D0E79B279B47F8001FED98 /* CategoryDataSource.swift in Sources */,
				D27C597D2799D07000A322C0 /* CategoryCell.swift in Sources */,
			);
			runOnlyForDeploymentPostprocessing = 0;
		};
		D27C59612799CC5600A322C0 /* Sources */ = {
			isa = PBXSourcesBuildPhase;
			buildActionMask = 2147483647;
			files = (
				D27C596A2799CC5600A322C0 /* Fetch_Rewards_TestTests.swift in Sources */,
			);
			runOnlyForDeploymentPostprocessing = 0;
		};
/* End PBXSourcesBuildPhase section */

/* Begin PBXTargetDependency section */
		D27C59672799CC5600A322C0 /* PBXTargetDependency */ = {
			isa = PBXTargetDependency;
			target = D27C594E2799CC5300A322C0 /* Fetch_Rewards_Test */;
			targetProxy = D27C59662799CC5600A322C0 /* PBXContainerItemProxy */;
		};
/* End PBXTargetDependency section */

/* Begin PBXVariantGroup section */
		D27C59582799CC5400A322C0 /* Main.storyboard */ = {
			isa = PBXVariantGroup;
			children = (
				D27C59592799CC5400A322C0 /* Base */,
			);
			name = Main.storyboard;
			sourceTree = "<group>";
		};
		D27C595D2799CC5600A322C0 /* LaunchScreen.storyboard */ = {
			isa = PBXVariantGroup;
			children = (
				D27C595E2799CC5600A322C0 /* Base */,
			);
			name = LaunchScreen.storyboard;
			sourceTree = "<group>";
		};
/* End PBXVariantGroup section */

/* Begin XCBuildConfiguration section */
		D27C596C2799CC5600A322C0 /* Debug */ = {
			isa = XCBuildConfiguration;
			buildSettings = {
				ALWAYS_SEARCH_USER_PATHS = NO;
				CLANG_ANALYZER_NONNULL = YES;
				CLANG_ANALYZER_NUMBER_OBJECT_CONVERSION = YES_AGGRESSIVE;
				CLANG_CXX_LANGUAGE_STANDARD = "gnu++14";
				CLANG_CXX_LIBRARY = "libc++";
				CLANG_ENABLE_MODULES = YES;
				CLANG_ENABLE_OBJC_ARC = YES;
				CLANG_ENABLE_OBJC_WEAK = YES;
				CLANG_WARN_BLOCK_CAPTURE_AUTORELEASING = YES;
				CLANG_WARN_BOOL_CONVERSION = YES;
				CLANG_WARN_COMMA = YES;
				CLANG_WARN_CONSTANT_CONVERSION = YES;
				CLANG_WARN_DEPRECATED_OBJC_IMPLEMENTATIONS = YES;
				CLANG_WARN_DIRECT_OBJC_ISA_USAGE = YES_ERROR;
				CLANG_WARN_DOCUMENTATION_COMMENTS = YES;
				CLANG_WARN_EMPTY_BODY = YES;
				CLANG_WARN_ENUM_CONVERSION = YES;
				CLANG_WARN_INFINITE_RECURSION = YES;
				CLANG_WARN_INT_CONVERSION = YES;
				CLANG_WARN_NON_LITERAL_NULL_CONVERSION = YES;
				CLANG_WARN_OBJC_IMPLICIT_RETAIN_SELF = YES;
				CLANG_WARN_OBJC_LITERAL_CONVERSION = YES;
				CLANG_WARN_OBJC_ROOT_CLASS = YES_ERROR;
				CLANG_WARN_RANGE_LOOP_ANALYSIS = YES;
				CLANG_WARN_STRICT_PROTOTYPES = YES;
				CLANG_WARN_SUSPICIOUS_MOVE = YES;
				CLANG_WARN_UNGUARDED_AVAILABILITY = YES_AGGRESSIVE;
				CLANG_WARN_UNREACHABLE_CODE = YES;
				CLANG_WARN__DUPLICATE_METHOD_MATCH = YES;
				COPY_PHASE_STRIP = NO;
				DEBUG_INFORMATION_FORMAT = dwarf;
				ENABLE_STRICT_OBJC_MSGSEND = YES;
				ENABLE_TESTABILITY = YES;
				GCC_C_LANGUAGE_STANDARD = gnu11;
				GCC_DYNAMIC_NO_PIC = NO;
				GCC_NO_COMMON_BLOCKS = YES;
				GCC_OPTIMIZATION_LEVEL = 0;
				GCC_PREPROCESSOR_DEFINITIONS = (
					"DEBUG=1",
					"$(inherited)",
				);
				GCC_WARN_64_TO_32_BIT_CONVERSION = YES;
				GCC_WARN_ABOUT_RETURN_TYPE = YES_ERROR;
				GCC_WARN_UNDECLARED_SELECTOR = YES;
				GCC_WARN_UNINITIALIZED_AUTOS = YES_AGGRESSIVE;
				GCC_WARN_UNUSED_FUNCTION = YES;
				GCC_WARN_UNUSED_VARIABLE = YES;
				IPHONEOS_DEPLOYMENT_TARGET = 13.5;
				MTL_ENABLE_DEBUG_INFO = INCLUDE_SOURCE;
				MTL_FAST_MATH = YES;
				ONLY_ACTIVE_ARCH = YES;
				SDKROOT = iphoneos;
				SWIFT_ACTIVE_COMPILATION_CONDITIONS = DEBUG;
				SWIFT_OPTIMIZATION_LEVEL = "-Onone";
			};
			name = Debug;
		};
		D27C596D2799CC5600A322C0 /* Release */ = {
			isa = XCBuildConfiguration;
			buildSettings = {
				ALWAYS_SEARCH_USER_PATHS = NO;
				CLANG_ANALYZER_NONNULL = YES;
				CLANG_ANALYZER_NUMBER_OBJECT_CONVERSION = YES_AGGRESSIVE;
				CLANG_CXX_LANGUAGE_STANDARD = "gnu++14";
				CLANG_CXX_LIBRARY = "libc++";
				CLANG_ENABLE_MODULES = YES;
				CLANG_ENABLE_OBJC_ARC = YES;
				CLANG_ENABLE_OBJC_WEAK = YES;
				CLANG_WARN_BLOCK_CAPTURE_AUTORELEASING = YES;
				CLANG_WARN_BOOL_CONVERSION = YES;
				CLANG_WARN_COMMA = YES;
				CLANG_WARN_CONSTANT_CONVERSION = YES;
				CLANG_WARN_DEPRECATED_OBJC_IMPLEMENTATIONS = YES;
				CLANG_WARN_DIRECT_OBJC_ISA_USAGE = YES_ERROR;
				CLANG_WARN_DOCUMENTATION_COMMENTS = YES;
				CLANG_WARN_EMPTY_BODY = YES;
				CLANG_WARN_ENUM_CONVERSION = YES;
				CLANG_WARN_INFINITE_RECURSION = YES;
				CLANG_WARN_INT_CONVERSION = YES;
				CLANG_WARN_NON_LITERAL_NULL_CONVERSION = YES;
				CLANG_WARN_OBJC_IMPLICIT_RETAIN_SELF = YES;
				CLANG_WARN_OBJC_LITERAL_CONVERSION = YES;
				CLANG_WARN_OBJC_ROOT_CLASS = YES_ERROR;
				CLANG_WARN_RANGE_LOOP_ANALYSIS = YES;
				CLANG_WARN_STRICT_PROTOTYPES = YES;
				CLANG_WARN_SUSPICIOUS_MOVE = YES;
				CLANG_WARN_UNGUARDED_AVAILABILITY = YES_AGGRESSIVE;
				CLANG_WARN_UNREACHABLE_CODE = YES;
				CLANG_WARN__DUPLICATE_METHOD_MATCH = YES;
				COPY_PHASE_STRIP = NO;
				DEBUG_INFORMATION_FORMAT = "dwarf-with-dsym";
				ENABLE_NS_ASSERTIONS = NO;
				ENABLE_STRICT_OBJC_MSGSEND = YES;
				GCC_C_LANGUAGE_STANDARD = gnu11;
				GCC_NO_COMMON_BLOCKS = YES;
				GCC_WARN_64_TO_32_BIT_CONVERSION = YES;
				GCC_WARN_ABOUT_RETURN_TYPE = YES_ERROR;
				GCC_WARN_UNDECLARED_SELECTOR = YES;
				GCC_WARN_UNINITIALIZED_AUTOS = YES_AGGRESSIVE;
				GCC_WARN_UNUSED_FUNCTION = YES;
				GCC_WARN_UNUSED_VARIABLE = YES;
				IPHONEOS_DEPLOYMENT_TARGET = 13.5;
				MTL_ENABLE_DEBUG_INFO = NO;
				MTL_FAST_MATH = YES;
				SDKROOT = iphoneos;
				SWIFT_COMPILATION_MODE = wholemodule;
				SWIFT_OPTIMIZATION_LEVEL = "-O";
				VALIDATE_PRODUCT = YES;
			};
			name = Release;
		};
		D27C596F2799CC5600A322C0 /* Debug */ = {
			isa = XCBuildConfiguration;
			buildSettings = {
				ASSETCATALOG_COMPILER_APPICON_NAME = AppIcon;
				CODE_SIGN_STYLE = Automatic;
				INFOPLIST_FILE = Fetch_Rewards_Test/Info.plist;
				LD_RUNPATH_SEARCH_PATHS = (
					"$(inherited)",
					"@executable_path/Frameworks",
				);
				PRODUCT_BUNDLE_IDENTIFIER = "Blastoise.Fetch-Rewards-Test";
				PRODUCT_NAME = "$(TARGET_NAME)";
				SWIFT_VERSION = 5.0;
				TARGETED_DEVICE_FAMILY = "1,2";
			};
			name = Debug;
		};
		D27C59702799CC5600A322C0 /* Release */ = {
			isa = XCBuildConfiguration;
			buildSettings = {
				ASSETCATALOG_COMPILER_APPICON_NAME = AppIcon;
				CODE_SIGN_STYLE = Automatic;
				INFOPLIST_FILE = Fetch_Rewards_Test/Info.plist;
				LD_RUNPATH_SEARCH_PATHS = (
					"$(inherited)",
					"@executable_path/Frameworks",
				);
				PRODUCT_BUNDLE_IDENTIFIER = "Blastoise.Fetch-Rewards-Test";
				PRODUCT_NAME = "$(TARGET_NAME)";
				SWIFT_VERSION = 5.0;
				TARGETED_DEVICE_FAMILY = "1,2";
			};
			name = Release;
		};
		D27C59722799CC5600A322C0 /* Debug */ = {
			isa = XCBuildConfiguration;
			buildSettings = {
				ALWAYS_EMBED_SWIFT_STANDARD_LIBRARIES = YES;
				BUNDLE_LOADER = "$(TEST_HOST)";
				CODE_SIGN_STYLE = Automatic;
				INFOPLIST_FILE = Fetch_Rewards_TestTests/Info.plist;
				IPHONEOS_DEPLOYMENT_TARGET = 13.5;
				LD_RUNPATH_SEARCH_PATHS = (
					"$(inherited)",
					"@executable_path/Frameworks",
					"@loader_path/Frameworks",
				);
				PRODUCT_BUNDLE_IDENTIFIER = "Blastoise.Fetch-Rewards-TestTests";
				PRODUCT_NAME = "$(TARGET_NAME)";
				SWIFT_VERSION = 5.0;
				TARGETED_DEVICE_FAMILY = "1,2";
				TEST_HOST = "$(BUILT_PRODUCTS_DIR)/Fetch_Rewards_Test.app/Fetch_Rewards_Test";
			};
			name = Debug;
		};
		D27C59732799CC5600A322C0 /* Release */ = {
			isa = XCBuildConfiguration;
			buildSettings = {
				ALWAYS_EMBED_SWIFT_STANDARD_LIBRARIES = YES;
				BUNDLE_LOADER = "$(TEST_HOST)";
				CODE_SIGN_STYLE = Automatic;
				INFOPLIST_FILE = Fetch_Rewards_TestTests/Info.plist;
				IPHONEOS_DEPLOYMENT_TARGET = 13.5;
				LD_RUNPATH_SEARCH_PATHS = (
					"$(inherited)",
					"@executable_path/Frameworks",
					"@loader_path/Frameworks",
				);
				PRODUCT_BUNDLE_IDENTIFIER = "Blastoise.Fetch-Rewards-TestTests";
				PRODUCT_NAME = "$(TARGET_NAME)";
				SWIFT_VERSION = 5.0;
				TARGETED_DEVICE_FAMILY = "1,2";
				TEST_HOST = "$(BUILT_PRODUCTS_DIR)/Fetch_Rewards_Test.app/Fetch_Rewards_Test";
			};
			name = Release;
		};
/* End XCBuildConfiguration section */

/* Begin XCConfigurationList section */
		D27C594A2799CC5300A322C0 /* Build configuration list for PBXProject "Fetch_Rewards_Test" */ = {
			isa = XCConfigurationList;
			buildConfigurations = (
				D27C596C2799CC5600A322C0 /* Debug */,
				D27C596D2799CC5600A322C0 /* Release */,
			);
			defaultConfigurationIsVisible = 0;
			defaultConfigurationName = Release;
		};
		D27C596E2799CC5600A322C0 /* Build configuration list for PBXNativeTarget "Fetch_Rewards_Test" */ = {
			isa = XCConfigurationList;
			buildConfigurations = (
				D27C596F2799CC5600A322C0 /* Debug */,
				D27C59702799CC5600A322C0 /* Release */,
			);
			defaultConfigurationIsVisible = 0;
			defaultConfigurationName = Release;
		};
		D27C59712799CC5600A322C0 /* Build configuration list for PBXNativeTarget "Fetch_Rewards_TestTests" */ = {
			isa = XCConfigurationList;
			buildConfigurations = (
				D27C59722799CC5600A322C0 /* Debug */,
				D27C59732799CC5600A322C0 /* Release */,
			);
			defaultConfigurationIsVisible = 0;
			defaultConfigurationName = Release;
		};
/* End XCConfigurationList section */
	};
	rootObject = D27C59472799CC5300A322C0 /* Project object */;
}
